// !$*UTF8*$!
{
	archiveVersion = 1;
	classes = {
	};
	objectVersion = 56;
	objects = {

/* Begin PBXBuildFile section */
		5618957A2B417D28002BBD05 /* RMAPICacheManager.swift in Sources */ = {isa = PBXBuildFile; fileRef = 561895792B417D28002BBD05 /* RMAPICacheManager.swift */; };
		5618958B2B418593002BBD05 /* RMCharacterListView.swift in Sources */ = {isa = PBXBuildFile; fileRef = 561895892B418593002BBD05 /* RMCharacterListView.swift */; };
		5618958C2B418593002BBD05 /* RMCharacterCollectionViewCell.swift in Sources */ = {isa = PBXBuildFile; fileRef = 5618958A2B418593002BBD05 /* RMCharacterCollectionViewCell.swift */; };
		561895912B418609002BBD05 /* RMEpisodeDetailView.swift in Sources */ = {isa = PBXBuildFile; fileRef = 561895902B418609002BBD05 /* RMEpisodeDetailView.swift */; };
		561895932B418636002BBD05 /* RMEpisodeDetailViewViewModel.swift in Sources */ = {isa = PBXBuildFile; fileRef = 561895922B418636002BBD05 /* RMEpisodeDetailViewViewModel.swift */; };
		561C24B92B3D440700DB2E12 /* RMImageLoader.swift in Sources */ = {isa = PBXBuildFile; fileRef = 561C24B82B3D440700DB2E12 /* RMImageLoader.swift */; };
		562231682B414E2300B96CAC /* RMEpisodeDetailViewController.swift in Sources */ = {isa = PBXBuildFile; fileRef = 562231672B414E2300B96CAC /* RMEpisodeDetailViewController.swift */; };
		564BC6862B2D4FDA002713CE /* RMCharacterListViewViewModel.swift in Sources */ = {isa = PBXBuildFile; fileRef = 564BC6852B2D4FDA002713CE /* RMCharacterListViewViewModel.swift */; };
		565753362B382C4800728850 /* RMFooterLoadingCollectionReusableView.swift in Sources */ = {isa = PBXBuildFile; fileRef = 565753352B382C4800728850 /* RMFooterLoadingCollectionReusableView.swift */; };
		5660ECBC2B3DDB8D00D167BC /* RMCharacterPhotoCollectionViewCell.swift in Sources */ = {isa = PBXBuildFile; fileRef = 5660ECBB2B3DDB8D00D167BC /* RMCharacterPhotoCollectionViewCell.swift */; };
		5660ECBE2B3DDBA000D167BC /* RMCharacterInfoCollectionViewCell.swift in Sources */ = {isa = PBXBuildFile; fileRef = 5660ECBD2B3DDBA000D167BC /* RMCharacterInfoCollectionViewCell.swift */; };
		5660ECC02B3DDBAD00D167BC /* RMCharacterEpisodeCollectionViewCell.swift in Sources */ = {isa = PBXBuildFile; fileRef = 5660ECBF2B3DDBAD00D167BC /* RMCharacterEpisodeCollectionViewCell.swift */; };
		5660ECC22B3DDBE200D167BC /* RMCharacterPhotoCollectionViewCellViewModel.swift in Sources */ = {isa = PBXBuildFile; fileRef = 5660ECC12B3DDBE200D167BC /* RMCharacterPhotoCollectionViewCellViewModel.swift */; };
		5660ECC42B3DDBFE00D167BC /* RMCharacterInfoCollectionViewCellViewModel.swift in Sources */ = {isa = PBXBuildFile; fileRef = 5660ECC32B3DDBFE00D167BC /* RMCharacterInfoCollectionViewCellViewModel.swift */; };
		5660ECC62B3DDC1300D167BC /* RMCharacterEpisodeCollectionViewCellViewModel.swift in Sources */ = {isa = PBXBuildFile; fileRef = 5660ECC52B3DDC1300D167BC /* RMCharacterEpisodeCollectionViewCellViewModel.swift */; };
		566496D92B2D7261001B0286 /* UIView+Extensions.swift in Sources */ = {isa = PBXBuildFile; fileRef = 566496D82B2D7261001B0286 /* UIView+Extensions.swift */; };
		566496DD2B2D8E10001B0286 /* RMCharacterCollectionViewCellViewModel.swift in Sources */ = {isa = PBXBuildFile; fileRef = 566496DC2B2D8E10001B0286 /* RMCharacterCollectionViewCellViewModel.swift */; };
		566E47A12B310DF700780D02 /* RMCharacterDetailViewViewModel.swift in Sources */ = {isa = PBXBuildFile; fileRef = 566E47A02B310DF700780D02 /* RMCharacterDetailViewViewModel.swift */; };
		566E47A32B310E4A00780D02 /* RMCharacterDetailView.swift in Sources */ = {isa = PBXBuildFile; fileRef = 566E47A22B310E4A00780D02 /* RMCharacterDetailView.swift */; };
		566E47A62B310F3A00780D02 /* RMCharacterDetailViewController.swift in Sources */ = {isa = PBXBuildFile; fileRef = 566E47A52B310F3A00780D02 /* RMCharacterDetailViewController.swift */; };
		5686EA0B2B03A16100450725 /* AppDelegate.swift in Sources */ = {isa = PBXBuildFile; fileRef = 5686EA0A2B03A16100450725 /* AppDelegate.swift */; };
		5686EA0D2B03A16100450725 /* SceneDelegate.swift in Sources */ = {isa = PBXBuildFile; fileRef = 5686EA0C2B03A16100450725 /* SceneDelegate.swift */; };
		5686EA0F2B03A16100450725 /* RMTabBarController.swift in Sources */ = {isa = PBXBuildFile; fileRef = 5686EA0E2B03A16100450725 /* RMTabBarController.swift */; };
		5686EA142B03A16200450725 /* Assets.xcassets in Resources */ = {isa = PBXBuildFile; fileRef = 5686EA132B03A16200450725 /* Assets.xcassets */; };
		5686EA172B03A16200450725 /* LaunchScreen.storyboard in Resources */ = {isa = PBXBuildFile; fileRef = 5686EA152B03A16200450725 /* LaunchScreen.storyboard */; };
		5686EA272B03A7A700450725 /* RMCharacterViewController.swift in Sources */ = {isa = PBXBuildFile; fileRef = 5686EA262B03A7A700450725 /* RMCharacterViewController.swift */; };
		5686EA292B03A7BA00450725 /* RMLocationViewController.swift in Sources */ = {isa = PBXBuildFile; fileRef = 5686EA282B03A7BA00450725 /* RMLocationViewController.swift */; };
		5686EA2B2B03A7EE00450725 /* RMEpisodeViewController.swift in Sources */ = {isa = PBXBuildFile; fileRef = 5686EA2A2B03A7EE00450725 /* RMEpisodeViewController.swift */; };
		5686EA2D2B03A81100450725 /* RMSettingsViewController.swift in Sources */ = {isa = PBXBuildFile; fileRef = 5686EA2C2B03A81100450725 /* RMSettingsViewController.swift */; };
		56B48B3F2B11A131008CED5C /* RMGetAllCharacterResponse.swift in Sources */ = {isa = PBXBuildFile; fileRef = 56B48B3E2B11A131008CED5C /* RMGetAllCharacterResponse.swift */; };
		56E019B62B0C1C7B009B085F /* RMRequest.swift in Sources */ = {isa = PBXBuildFile; fileRef = 56E019B52B0C1C7B009B085F /* RMRequest.swift */; };
		56E019B82B0C1C87009B085F /* RMService.swift in Sources */ = {isa = PBXBuildFile; fileRef = 56E019B72B0C1C87009B085F /* RMService.swift */; };
		56E019BA2B0C1DE0009B085F /* RMEndpoint.swift in Sources */ = {isa = PBXBuildFile; fileRef = 56E019B92B0C1DE0009B085F /* RMEndpoint.swift */; };
		56E019BC2B0F8F9D009B085F /* RMLocation.swift in Sources */ = {isa = PBXBuildFile; fileRef = 56E019BB2B0F8F9D009B085F /* RMLocation.swift */; };
		56E019BE2B0F8FF9009B085F /* RMCharacter.swift in Sources */ = {isa = PBXBuildFile; fileRef = 56E019BD2B0F8FF9009B085F /* RMCharacter.swift */; };
		56E019C02B0F9003009B085F /* RMEpisode.swift in Sources */ = {isa = PBXBuildFile; fileRef = 56E019BF2B0F9003009B085F /* RMEpisode.swift */; };
		56E019C22B0F9602009B085F /* RMCharacterOrigin.swift in Sources */ = {isa = PBXBuildFile; fileRef = 56E019C12B0F9602009B085F /* RMCharacterOrigin.swift */; };
		56E019C42B0F960B009B085F /* RMCharacterLocation.swift in Sources */ = {isa = PBXBuildFile; fileRef = 56E019C32B0F960B009B085F /* RMCharacterLocation.swift */; };
		56E019C62B0F9784009B085F /* RMCharacterGender.swift in Sources */ = {isa = PBXBuildFile; fileRef = 56E019C52B0F9784009B085F /* RMCharacterGender.swift */; };
		56E019C82B0F97D4009B085F /* RMCharacterStatus.swift in Sources */ = {isa = PBXBuildFile; fileRef = 56E019C72B0F97D4009B085F /* RMCharacterStatus.swift */; };
/* End PBXBuildFile section */

/* Begin PBXFileReference section */
		561895792B417D28002BBD05 /* RMAPICacheManager.swift */ = {isa = PBXFileReference; lastKnownFileType = sourcecode.swift; path = RMAPICacheManager.swift; sourceTree = "<group>"; };
		561895892B418593002BBD05 /* RMCharacterListView.swift */ = {isa = PBXFileReference; fileEncoding = 4; lastKnownFileType = sourcecode.swift; path = RMCharacterListView.swift; sourceTree = "<group>"; };
		5618958A2B418593002BBD05 /* RMCharacterCollectionViewCell.swift */ = {isa = PBXFileReference; fileEncoding = 4; lastKnownFileType = sourcecode.swift; path = RMCharacterCollectionViewCell.swift; sourceTree = "<group>"; };
		561895902B418609002BBD05 /* RMEpisodeDetailView.swift */ = {isa = PBXFileReference; lastKnownFileType = sourcecode.swift; path = RMEpisodeDetailView.swift; sourceTree = "<group>"; };
		561895922B418636002BBD05 /* RMEpisodeDetailViewViewModel.swift */ = {isa = PBXFileReference; lastKnownFileType = sourcecode.swift; path = RMEpisodeDetailViewViewModel.swift; sourceTree = "<group>"; };
		561C24B82B3D440700DB2E12 /* RMImageLoader.swift */ = {isa = PBXFileReference; lastKnownFileType = sourcecode.swift; path = RMImageLoader.swift; sourceTree = "<group>"; };
		562231672B414E2300B96CAC /* RMEpisodeDetailViewController.swift */ = {isa = PBXFileReference; lastKnownFileType = sourcecode.swift; path = RMEpisodeDetailViewController.swift; sourceTree = "<group>"; };
		564BC6852B2D4FDA002713CE /* RMCharacterListViewViewModel.swift */ = {isa = PBXFileReference; lastKnownFileType = sourcecode.swift; path = RMCharacterListViewViewModel.swift; sourceTree = "<group>"; };
		565753352B382C4800728850 /* RMFooterLoadingCollectionReusableView.swift */ = {isa = PBXFileReference; lastKnownFileType = sourcecode.swift; path = RMFooterLoadingCollectionReusableView.swift; sourceTree = "<group>"; };
		5660ECBB2B3DDB8D00D167BC /* RMCharacterPhotoCollectionViewCell.swift */ = {isa = PBXFileReference; lastKnownFileType = sourcecode.swift; path = RMCharacterPhotoCollectionViewCell.swift; sourceTree = "<group>"; };
		5660ECBD2B3DDBA000D167BC /* RMCharacterInfoCollectionViewCell.swift */ = {isa = PBXFileReference; lastKnownFileType = sourcecode.swift; path = RMCharacterInfoCollectionViewCell.swift; sourceTree = "<group>"; };
		5660ECBF2B3DDBAD00D167BC /* RMCharacterEpisodeCollectionViewCell.swift */ = {isa = PBXFileReference; lastKnownFileType = sourcecode.swift; path = RMCharacterEpisodeCollectionViewCell.swift; sourceTree = "<group>"; };
		5660ECC12B3DDBE200D167BC /* RMCharacterPhotoCollectionViewCellViewModel.swift */ = {isa = PBXFileReference; lastKnownFileType = sourcecode.swift; path = RMCharacterPhotoCollectionViewCellViewModel.swift; sourceTree = "<group>"; };
		5660ECC32B3DDBFE00D167BC /* RMCharacterInfoCollectionViewCellViewModel.swift */ = {isa = PBXFileReference; lastKnownFileType = sourcecode.swift; path = RMCharacterInfoCollectionViewCellViewModel.swift; sourceTree = "<group>"; };
		5660ECC52B3DDC1300D167BC /* RMCharacterEpisodeCollectionViewCellViewModel.swift */ = {isa = PBXFileReference; lastKnownFileType = sourcecode.swift; path = RMCharacterEpisodeCollectionViewCellViewModel.swift; sourceTree = "<group>"; };
		566496D82B2D7261001B0286 /* UIView+Extensions.swift */ = {isa = PBXFileReference; lastKnownFileType = sourcecode.swift; path = "UIView+Extensions.swift"; sourceTree = "<group>"; };
		566496DC2B2D8E10001B0286 /* RMCharacterCollectionViewCellViewModel.swift */ = {isa = PBXFileReference; lastKnownFileType = sourcecode.swift; path = RMCharacterCollectionViewCellViewModel.swift; sourceTree = "<group>"; };
		566E47A02B310DF700780D02 /* RMCharacterDetailViewViewModel.swift */ = {isa = PBXFileReference; lastKnownFileType = sourcecode.swift; path = RMCharacterDetailViewViewModel.swift; sourceTree = "<group>"; };
		566E47A22B310E4A00780D02 /* RMCharacterDetailView.swift */ = {isa = PBXFileReference; lastKnownFileType = sourcecode.swift; path = RMCharacterDetailView.swift; sourceTree = "<group>"; };
		566E47A52B310F3A00780D02 /* RMCharacterDetailViewController.swift */ = {isa = PBXFileReference; lastKnownFileType = sourcecode.swift; path = RMCharacterDetailViewController.swift; sourceTree = "<group>"; };
		5686EA072B03A16100450725 /* RickAndMorty.app */ = {isa = PBXFileReference; explicitFileType = wrapper.application; includeInIndex = 0; path = RickAndMorty.app; sourceTree = BUILT_PRODUCTS_DIR; };
		5686EA0A2B03A16100450725 /* AppDelegate.swift */ = {isa = PBXFileReference; lastKnownFileType = sourcecode.swift; path = AppDelegate.swift; sourceTree = "<group>"; };
		5686EA0C2B03A16100450725 /* SceneDelegate.swift */ = {isa = PBXFileReference; lastKnownFileType = sourcecode.swift; path = SceneDelegate.swift; sourceTree = "<group>"; };
		5686EA0E2B03A16100450725 /* RMTabBarController.swift */ = {isa = PBXFileReference; lastKnownFileType = sourcecode.swift; path = RMTabBarController.swift; sourceTree = "<group>"; };
		5686EA132B03A16200450725 /* Assets.xcassets */ = {isa = PBXFileReference; lastKnownFileType = folder.assetcatalog; path = Assets.xcassets; sourceTree = "<group>"; };
		5686EA162B03A16200450725 /* Base */ = {isa = PBXFileReference; lastKnownFileType = file.storyboard; name = Base; path = Base.lproj/LaunchScreen.storyboard; sourceTree = "<group>"; };
		5686EA182B03A16200450725 /* Info.plist */ = {isa = PBXFileReference; lastKnownFileType = text.plist.xml; path = Info.plist; sourceTree = "<group>"; };
		5686EA262B03A7A700450725 /* RMCharacterViewController.swift */ = {isa = PBXFileReference; lastKnownFileType = sourcecode.swift; path = RMCharacterViewController.swift; sourceTree = "<group>"; };
		5686EA282B03A7BA00450725 /* RMLocationViewController.swift */ = {isa = PBXFileReference; lastKnownFileType = sourcecode.swift; path = RMLocationViewController.swift; sourceTree = "<group>"; };
		5686EA2A2B03A7EE00450725 /* RMEpisodeViewController.swift */ = {isa = PBXFileReference; lastKnownFileType = sourcecode.swift; path = RMEpisodeViewController.swift; sourceTree = "<group>"; };
		5686EA2C2B03A81100450725 /* RMSettingsViewController.swift */ = {isa = PBXFileReference; lastKnownFileType = sourcecode.swift; path = RMSettingsViewController.swift; sourceTree = "<group>"; };
		56B48B3E2B11A131008CED5C /* RMGetAllCharacterResponse.swift */ = {isa = PBXFileReference; lastKnownFileType = sourcecode.swift; path = RMGetAllCharacterResponse.swift; sourceTree = "<group>"; };
		56E019B52B0C1C7B009B085F /* RMRequest.swift */ = {isa = PBXFileReference; lastKnownFileType = sourcecode.swift; path = RMRequest.swift; sourceTree = "<group>"; };
		56E019B72B0C1C87009B085F /* RMService.swift */ = {isa = PBXFileReference; lastKnownFileType = sourcecode.swift; path = RMService.swift; sourceTree = "<group>"; };
		56E019B92B0C1DE0009B085F /* RMEndpoint.swift */ = {isa = PBXFileReference; lastKnownFileType = sourcecode.swift; path = RMEndpoint.swift; sourceTree = "<group>"; };
		56E019BB2B0F8F9D009B085F /* RMLocation.swift */ = {isa = PBXFileReference; lastKnownFileType = sourcecode.swift; path = RMLocation.swift; sourceTree = "<group>"; };
		56E019BD2B0F8FF9009B085F /* RMCharacter.swift */ = {isa = PBXFileReference; lastKnownFileType = sourcecode.swift; path = RMCharacter.swift; sourceTree = "<group>"; };
		56E019BF2B0F9003009B085F /* RMEpisode.swift */ = {isa = PBXFileReference; lastKnownFileType = sourcecode.swift; path = RMEpisode.swift; sourceTree = "<group>"; };
		56E019C12B0F9602009B085F /* RMCharacterOrigin.swift */ = {isa = PBXFileReference; lastKnownFileType = sourcecode.swift; path = RMCharacterOrigin.swift; sourceTree = "<group>"; };
		56E019C32B0F960B009B085F /* RMCharacterLocation.swift */ = {isa = PBXFileReference; lastKnownFileType = sourcecode.swift; path = RMCharacterLocation.swift; sourceTree = "<group>"; };
		56E019C52B0F9784009B085F /* RMCharacterGender.swift */ = {isa = PBXFileReference; lastKnownFileType = sourcecode.swift; path = RMCharacterGender.swift; sourceTree = "<group>"; };
		56E019C72B0F97D4009B085F /* RMCharacterStatus.swift */ = {isa = PBXFileReference; lastKnownFileType = sourcecode.swift; path = RMCharacterStatus.swift; sourceTree = "<group>"; };
/* End PBXFileReference section */

/* Begin PBXFrameworksBuildPhase section */
		5686EA042B03A16100450725 /* Frameworks */ = {
			isa = PBXFrameworksBuildPhase;
			buildActionMask = 2147483647;
			files = (
			);
			runOnlyForDeploymentPostprocessing = 0;
		};
/* End PBXFrameworksBuildPhase section */

/* Begin PBXGroup section */
		561895802B418542002BBD05 /* Character */ = {
			isa = PBXGroup;
			children = (
				5618958A2B418593002BBD05 /* RMCharacterCollectionViewCell.swift */,
				561895892B418593002BBD05 /* RMCharacterListView.swift */,
			);
			path = Character;
			sourceTree = "<group>";
		};
		5618958D2B4185BC002BBD05 /* Episode */ = {
			isa = PBXGroup;
			children = (
				561895902B418609002BBD05 /* RMEpisodeDetailView.swift */,
			);
			path = Episode;
			sourceTree = "<group>";
		};
		561895942B41863F002BBD05 /* Episode */ = {
			isa = PBXGroup;
			children = (
				561895922B418636002BBD05 /* RMEpisodeDetailViewViewModel.swift */,
			);
			path = Episode;
			sourceTree = "<group>";
		};
		564BC6832B2D4F8E002713CE /* Views */ = {
			isa = PBXGroup;
			children = (
				561895802B418542002BBD05 /* Character */,
				5660ECBA2B3DDB0200D167BC /* CharacterDetail */,
				5618958D2B4185BC002BBD05 /* Episode */,
				565753352B382C4800728850 /* RMFooterLoadingCollectionReusableView.swift */,
			);
			path = Views;
			sourceTree = "<group>";
		};
		564BC6842B2D4F9C002713CE /* ViewModels */ = {
			isa = PBXGroup;
			children = (
				5660ECB92B3DDAF400D167BC /* Character */,
				5660ECB82B3DDAD100D167BC /* CharacterDetail */,
				561895942B41863F002BBD05 /* Episode */,
			);
			path = ViewModels;
			sourceTree = "<group>";
		};
		565753372B38322100728850 /* Extensions */ = {
			isa = PBXGroup;
			children = (
				566496D82B2D7261001B0286 /* UIView+Extensions.swift */,
			);
			path = Extensions;
			sourceTree = "<group>";
		};
		5660ECB82B3DDAD100D167BC /* CharacterDetail */ = {
			isa = PBXGroup;
			children = (
				566E47A02B310DF700780D02 /* RMCharacterDetailViewViewModel.swift */,
				5660ECC12B3DDBE200D167BC /* RMCharacterPhotoCollectionViewCellViewModel.swift */,
				5660ECC32B3DDBFE00D167BC /* RMCharacterInfoCollectionViewCellViewModel.swift */,
				5660ECC52B3DDC1300D167BC /* RMCharacterEpisodeCollectionViewCellViewModel.swift */,
			);
			path = CharacterDetail;
			sourceTree = "<group>";
		};
		5660ECB92B3DDAF400D167BC /* Character */ = {
			isa = PBXGroup;
			children = (
				564BC6852B2D4FDA002713CE /* RMCharacterListViewViewModel.swift */,
				566496DC2B2D8E10001B0286 /* RMCharacterCollectionViewCellViewModel.swift */,
			);
			path = Character;
			sourceTree = "<group>";
		};
		5660ECBA2B3DDB0200D167BC /* CharacterDetail */ = {
			isa = PBXGroup;
			children = (
				566E47A22B310E4A00780D02 /* RMCharacterDetailView.swift */,
				5660ECBB2B3DDB8D00D167BC /* RMCharacterPhotoCollectionViewCell.swift */,
				5660ECBD2B3DDBA000D167BC /* RMCharacterInfoCollectionViewCell.swift */,
				5660ECBF2B3DDBAD00D167BC /* RMCharacterEpisodeCollectionViewCell.swift */,
			);
			path = CharacterDetail;
			sourceTree = "<group>";
		};
		566E47A42B310F1B00780D02 /* Other */ = {
			isa = PBXGroup;
			children = (
				566E47A52B310F3A00780D02 /* RMCharacterDetailViewController.swift */,
				562231672B414E2300B96CAC /* RMEpisodeDetailViewController.swift */,
			);
			path = Other;
			sourceTree = "<group>";
		};
		5686E9FE2B03A16100450725 = {
			isa = PBXGroup;
			children = (
				5686EA092B03A16100450725 /* RickAndMorty */,
				5686EA082B03A16100450725 /* Products */,
			);
			sourceTree = "<group>";
		};
		5686EA082B03A16100450725 /* Products */ = {
			isa = PBXGroup;
			children = (
				5686EA072B03A16100450725 /* RickAndMorty.app */,
			);
			name = Products;
			sourceTree = "<group>";
		};
		5686EA092B03A16100450725 /* RickAndMorty */ = {
			isa = PBXGroup;
			children = (
				5686EA232B03A61100450725 /* APIClients */,
				565753372B38322100728850 /* Extensions */,
				5686EA212B03A5F800450725 /* Managers */,
				5686EA1F2B03A5E400450725 /* Models */,
				5686EA1E2B03A5D300450725 /* Controllers */,
				5686EA242B03A61B00450725 /* Resources */,
				564BC6832B2D4F8E002713CE /* Views */,
				564BC6842B2D4F9C002713CE /* ViewModels */,
				5686EA182B03A16200450725 /* Info.plist */,
			);
			path = RickAndMorty;
			sourceTree = "<group>";
		};
		5686EA1E2B03A5D300450725 /* Controllers */ = {
			isa = PBXGroup;
			children = (
				566E47A42B310F1B00780D02 /* Other */,
				5686EA252B03A78500450725 /* Core */,
			);
			path = Controllers;
			sourceTree = "<group>";
		};
		5686EA1F2B03A5E400450725 /* Models */ = {
			isa = PBXGroup;
			children = (
				56B48B402B11A135008CED5C /* APIResponseTypes */,
				56B48B3D2B11A111008CED5C /* DataTypes */,
			);
			path = Models;
			sourceTree = "<group>";
		};
		5686EA212B03A5F800450725 /* Managers */ = {
			isa = PBXGroup;
			children = (
				561C24B82B3D440700DB2E12 /* RMImageLoader.swift */,
				561895792B417D28002BBD05 /* RMAPICacheManager.swift */,
			);
			path = Managers;
			sourceTree = "<group>";
		};
		5686EA232B03A61100450725 /* APIClients */ = {
			isa = PBXGroup;
			children = (
				56E019B92B0C1DE0009B085F /* RMEndpoint.swift */,
				56E019B52B0C1C7B009B085F /* RMRequest.swift */,
				56E019B72B0C1C87009B085F /* RMService.swift */,
			);
			path = APIClients;
			sourceTree = "<group>";
		};
		5686EA242B03A61B00450725 /* Resources */ = {
			isa = PBXGroup;
			children = (
				5686EA0A2B03A16100450725 /* AppDelegate.swift */,
				5686EA0C2B03A16100450725 /* SceneDelegate.swift */,
				5686EA132B03A16200450725 /* Assets.xcassets */,
				5686EA152B03A16200450725 /* LaunchScreen.storyboard */,
			);
			path = Resources;
			sourceTree = "<group>";
		};
		5686EA252B03A78500450725 /* Core */ = {
			isa = PBXGroup;
			children = (
				5686EA0E2B03A16100450725 /* RMTabBarController.swift */,
				5686EA262B03A7A700450725 /* RMCharacterViewController.swift */,
				5686EA2A2B03A7EE00450725 /* RMEpisodeViewController.swift */,
				5686EA282B03A7BA00450725 /* RMLocationViewController.swift */,
				5686EA2C2B03A81100450725 /* RMSettingsViewController.swift */,
			);
			path = Core;
			sourceTree = "<group>";
		};
		56B48B3D2B11A111008CED5C /* DataTypes */ = {
			isa = PBXGroup;
			children = (
				56E019BD2B0F8FF9009B085F /* RMCharacter.swift */,
				56E019C52B0F9784009B085F /* RMCharacterGender.swift */,
				56E019C32B0F960B009B085F /* RMCharacterLocation.swift */,
				56E019C12B0F9602009B085F /* RMCharacterOrigin.swift */,
				56E019C72B0F97D4009B085F /* RMCharacterStatus.swift */,
				56E019BF2B0F9003009B085F /* RMEpisode.swift */,
				56E019BB2B0F8F9D009B085F /* RMLocation.swift */,
			);
			path = DataTypes;
			sourceTree = "<group>";
		};
		56B48B402B11A135008CED5C /* APIResponseTypes */ = {
			isa = PBXGroup;
			children = (
				56B48B3E2B11A131008CED5C /* RMGetAllCharacterResponse.swift */,
			);
			path = APIResponseTypes;
			sourceTree = "<group>";
		};
/* End PBXGroup section */

/* Begin PBXNativeTarget section */
		5686EA062B03A16100450725 /* RickAndMorty */ = {
			isa = PBXNativeTarget;
			buildConfigurationList = 5686EA1B2B03A16200450725 /* Build configuration list for PBXNativeTarget "RickAndMorty" */;
			buildPhases = (
				5686EA032B03A16100450725 /* Sources */,
				5686EA042B03A16100450725 /* Frameworks */,
				5686EA052B03A16100450725 /* Resources */,
			);
			buildRules = (
			);
			dependencies = (
			);
			name = RickAndMorty;
			productName = RickAndMorty;
			productReference = 5686EA072B03A16100450725 /* RickAndMorty.app */;
			productType = "com.apple.product-type.application";
		};
/* End PBXNativeTarget section */

/* Begin PBXProject section */
		5686E9FF2B03A16100450725 /* Project object */ = {
			isa = PBXProject;
			attributes = {
				BuildIndependentTargetsInParallel = 1;
				LastSwiftUpdateCheck = 1500;
				LastUpgradeCheck = 1500;
				TargetAttributes = {
					5686EA062B03A16100450725 = {
						CreatedOnToolsVersion = 15.0.1;
					};
				};
			};
			buildConfigurationList = 5686EA022B03A16100450725 /* Build configuration list for PBXProject "RickAndMorty" */;
			compatibilityVersion = "Xcode 14.0";
			developmentRegion = en;
			hasScannedForEncodings = 0;
			knownRegions = (
				en,
				Base,
			);
			mainGroup = 5686E9FE2B03A16100450725;
			productRefGroup = 5686EA082B03A16100450725 /* Products */;
			projectDirPath = "";
			projectRoot = "";
			targets = (
				5686EA062B03A16100450725 /* RickAndMorty */,
			);
		};
/* End PBXProject section */

/* Begin PBXResourcesBuildPhase section */
		5686EA052B03A16100450725 /* Resources */ = {
			isa = PBXResourcesBuildPhase;
			buildActionMask = 2147483647;
			files = (
				5686EA172B03A16200450725 /* LaunchScreen.storyboard in Resources */,
				5686EA142B03A16200450725 /* Assets.xcassets in Resources */,
			);
			runOnlyForDeploymentPostprocessing = 0;
		};
/* End PBXResourcesBuildPhase section */

/* Begin PBXSourcesBuildPhase section */
		5686EA032B03A16100450725 /* Sources */ = {
			isa = PBXSourcesBuildPhase;
			buildActionMask = 2147483647;
			files = (
				56E019BE2B0F8FF9009B085F /* RMCharacter.swift in Sources */,
				5686EA0F2B03A16100450725 /* RMTabBarController.swift in Sources */,
				561C24B92B3D440700DB2E12 /* RMImageLoader.swift in Sources */,
				5686EA292B03A7BA00450725 /* RMLocationViewController.swift in Sources */,
				56E019C62B0F9784009B085F /* RMCharacterGender.swift in Sources */,
				5618958B2B418593002BBD05 /* RMCharacterListView.swift in Sources */,
				56E019C42B0F960B009B085F /* RMCharacterLocation.swift in Sources */,
				56E019B62B0C1C7B009B085F /* RMRequest.swift in Sources */,
				56E019BC2B0F8F9D009B085F /* RMLocation.swift in Sources */,
				561895932B418636002BBD05 /* RMEpisodeDetailViewViewModel.swift in Sources */,
				565753362B382C4800728850 /* RMFooterLoadingCollectionReusableView.swift in Sources */,
				561895912B418609002BBD05 /* RMEpisodeDetailView.swift in Sources */,
				5686EA272B03A7A700450725 /* RMCharacterViewController.swift in Sources */,
				5660ECBE2B3DDBA000D167BC /* RMCharacterInfoCollectionViewCell.swift in Sources */,
				56E019C02B0F9003009B085F /* RMEpisode.swift in Sources */,
				5660ECC42B3DDBFE00D167BC /* RMCharacterInfoCollectionViewCellViewModel.swift in Sources */,
				56E019C82B0F97D4009B085F /* RMCharacterStatus.swift in Sources */,
				5686EA2B2B03A7EE00450725 /* RMEpisodeViewController.swift in Sources */,
				566E47A12B310DF700780D02 /* RMCharacterDetailViewViewModel.swift in Sources */,
				5618958C2B418593002BBD05 /* RMCharacterCollectionViewCell.swift in Sources */,
				5686EA0B2B03A16100450725 /* AppDelegate.swift in Sources */,
				5660ECBC2B3DDB8D00D167BC /* RMCharacterPhotoCollectionViewCell.swift in Sources */,
				5660ECC62B3DDC1300D167BC /* RMCharacterEpisodeCollectionViewCellViewModel.swift in Sources */,
				566496D92B2D7261001B0286 /* UIView+Extensions.swift in Sources */,
				5618957A2B417D28002BBD05 /* RMAPICacheManager.swift in Sources */,
				5686EA2D2B03A81100450725 /* RMSettingsViewController.swift in Sources */,
				5660ECC22B3DDBE200D167BC /* RMCharacterPhotoCollectionViewCellViewModel.swift in Sources */,
				56E019C22B0F9602009B085F /* RMCharacterOrigin.swift in Sources */,
				56E019BA2B0C1DE0009B085F /* RMEndpoint.swift in Sources */,
				5686EA0D2B03A16100450725 /* SceneDelegate.swift in Sources */,
				562231682B414E2300B96CAC /* RMEpisodeDetailViewController.swift in Sources */,
				566E47A62B310F3A00780D02 /* RMCharacterDetailViewController.swift in Sources */,
				566496DD2B2D8E10001B0286 /* RMCharacterCollectionViewCellViewModel.swift in Sources */,
				56B48B3F2B11A131008CED5C /* RMGetAllCharacterResponse.swift in Sources */,
				564BC6862B2D4FDA002713CE /* RMCharacterListViewViewModel.swift in Sources */,
				5660ECC02B3DDBAD00D167BC /* RMCharacterEpisodeCollectionViewCell.swift in Sources */,
				56E019B82B0C1C87009B085F /* RMService.swift in Sources */,
				566E47A32B310E4A00780D02 /* RMCharacterDetailView.swift in Sources */,
			);
			runOnlyForDeploymentPostprocessing = 0;
		};
/* End PBXSourcesBuildPhase section */

/* Begin PBXVariantGroup section */
		5686EA152B03A16200450725 /* LaunchScreen.storyboard */ = {
			isa = PBXVariantGroup;
			children = (
				5686EA162B03A16200450725 /* Base */,
			);
			name = LaunchScreen.storyboard;
			sourceTree = "<group>";
		};
/* End PBXVariantGroup section */

/* Begin XCBuildConfiguration section */
		5686EA192B03A16200450725 /* Debug */ = {
			isa = XCBuildConfiguration;
			buildSettings = {
				ALWAYS_SEARCH_USER_PATHS = NO;
				ASSETCATALOG_COMPILER_GENERATE_SWIFT_ASSET_SYMBOL_EXTENSIONS = YES;
				CLANG_ANALYZER_NONNULL = YES;
				CLANG_ANALYZER_NUMBER_OBJECT_CONVERSION = YES_AGGRESSIVE;
				CLANG_CXX_LANGUAGE_STANDARD = "gnu++20";
				CLANG_ENABLE_MODULES = YES;
				CLANG_ENABLE_OBJC_ARC = YES;
				CLANG_ENABLE_OBJC_WEAK = YES;
				CLANG_WARN_BLOCK_CAPTURE_AUTORELEASING = YES;
				CLANG_WARN_BOOL_CONVERSION = YES;
				CLANG_WARN_COMMA = YES;
				CLANG_WARN_CONSTANT_CONVERSION = YES;
				CLANG_WARN_DEPRECATED_OBJC_IMPLEMENTATIONS = YES;
				CLANG_WARN_DIRECT_OBJC_ISA_USAGE = YES_ERROR;
				CLANG_WARN_DOCUMENTATION_COMMENTS = YES;
				CLANG_WARN_EMPTY_BODY = YES;
				CLANG_WARN_ENUM_CONVERSION = YES;
				CLANG_WARN_INFINITE_RECURSION = YES;
				CLANG_WARN_INT_CONVERSION = YES;
				CLANG_WARN_NON_LITERAL_NULL_CONVERSION = YES;
				CLANG_WARN_OBJC_IMPLICIT_RETAIN_SELF = YES;
				CLANG_WARN_OBJC_LITERAL_CONVERSION = YES;
				CLANG_WARN_OBJC_ROOT_CLASS = YES_ERROR;
				CLANG_WARN_QUOTED_INCLUDE_IN_FRAMEWORK_HEADER = YES;
				CLANG_WARN_RANGE_LOOP_ANALYSIS = YES;
				CLANG_WARN_STRICT_PROTOTYPES = YES;
				CLANG_WARN_SUSPICIOUS_MOVE = YES;
				CLANG_WARN_UNGUARDED_AVAILABILITY = YES_AGGRESSIVE;
				CLANG_WARN_UNREACHABLE_CODE = YES;
				CLANG_WARN__DUPLICATE_METHOD_MATCH = YES;
				COPY_PHASE_STRIP = NO;
				DEBUG_INFORMATION_FORMAT = dwarf;
				ENABLE_STRICT_OBJC_MSGSEND = YES;
				ENABLE_TESTABILITY = YES;
				ENABLE_USER_SCRIPT_SANDBOXING = YES;
				GCC_C_LANGUAGE_STANDARD = gnu17;
				GCC_DYNAMIC_NO_PIC = NO;
				GCC_NO_COMMON_BLOCKS = YES;
				GCC_OPTIMIZATION_LEVEL = 0;
				GCC_PREPROCESSOR_DEFINITIONS = (
					"DEBUG=1",
					"$(inherited)",
				);
				GCC_WARN_64_TO_32_BIT_CONVERSION = YES;
				GCC_WARN_ABOUT_RETURN_TYPE = YES_ERROR;
				GCC_WARN_UNDECLARED_SELECTOR = YES;
				GCC_WARN_UNINITIALIZED_AUTOS = YES_AGGRESSIVE;
				GCC_WARN_UNUSED_FUNCTION = YES;
				GCC_WARN_UNUSED_VARIABLE = YES;
				IPHONEOS_DEPLOYMENT_TARGET = 17.0;
				LOCALIZATION_PREFERS_STRING_CATALOGS = YES;
				MTL_ENABLE_DEBUG_INFO = INCLUDE_SOURCE;
				MTL_FAST_MATH = YES;
				ONLY_ACTIVE_ARCH = YES;
				SDKROOT = iphoneos;
				SWIFT_ACTIVE_COMPILATION_CONDITIONS = "DEBUG $(inherited)";
				SWIFT_OPTIMIZATION_LEVEL = "-Onone";
			};
			name = Debug;
		};
		5686EA1A2B03A16200450725 /* Release */ = {
			isa = XCBuildConfiguration;
			buildSettings = {
				ALWAYS_SEARCH_USER_PATHS = NO;
				ASSETCATALOG_COMPILER_GENERATE_SWIFT_ASSET_SYMBOL_EXTENSIONS = YES;
				CLANG_ANALYZER_NONNULL = YES;
				CLANG_ANALYZER_NUMBER_OBJECT_CONVERSION = YES_AGGRESSIVE;
				CLANG_CXX_LANGUAGE_STANDARD = "gnu++20";
				CLANG_ENABLE_MODULES = YES;
				CLANG_ENABLE_OBJC_ARC = YES;
				CLANG_ENABLE_OBJC_WEAK = YES;
				CLANG_WARN_BLOCK_CAPTURE_AUTORELEASING = YES;
				CLANG_WARN_BOOL_CONVERSION = YES;
				CLANG_WARN_COMMA = YES;
				CLANG_WARN_CONSTANT_CONVERSION = YES;
				CLANG_WARN_DEPRECATED_OBJC_IMPLEMENTATIONS = YES;
				CLANG_WARN_DIRECT_OBJC_ISA_USAGE = YES_ERROR;
				CLANG_WARN_DOCUMENTATION_COMMENTS = YES;
				CLANG_WARN_EMPTY_BODY = YES;
				CLANG_WARN_ENUM_CONVERSION = YES;
				CLANG_WARN_INFINITE_RECURSION = YES;
				CLANG_WARN_INT_CONVERSION = YES;
				CLANG_WARN_NON_LITERAL_NULL_CONVERSION = YES;
				CLANG_WARN_OBJC_IMPLICIT_RETAIN_SELF = YES;
				CLANG_WARN_OBJC_LITERAL_CONVERSION = YES;
				CLANG_WARN_OBJC_ROOT_CLASS = YES_ERROR;
				CLANG_WARN_QUOTED_INCLUDE_IN_FRAMEWORK_HEADER = YES;
				CLANG_WARN_RANGE_LOOP_ANALYSIS = YES;
				CLANG_WARN_STRICT_PROTOTYPES = YES;
				CLANG_WARN_SUSPICIOUS_MOVE = YES;
				CLANG_WARN_UNGUARDED_AVAILABILITY = YES_AGGRESSIVE;
				CLANG_WARN_UNREACHABLE_CODE = YES;
				CLANG_WARN__DUPLICATE_METHOD_MATCH = YES;
				COPY_PHASE_STRIP = NO;
				DEBUG_INFORMATION_FORMAT = "dwarf-with-dsym";
				ENABLE_NS_ASSERTIONS = NO;
				ENABLE_STRICT_OBJC_MSGSEND = YES;
				ENABLE_USER_SCRIPT_SANDBOXING = YES;
				GCC_C_LANGUAGE_STANDARD = gnu17;
				GCC_NO_COMMON_BLOCKS = YES;
				GCC_WARN_64_TO_32_BIT_CONVERSION = YES;
				GCC_WARN_ABOUT_RETURN_TYPE = YES_ERROR;
				GCC_WARN_UNDECLARED_SELECTOR = YES;
				GCC_WARN_UNINITIALIZED_AUTOS = YES_AGGRESSIVE;
				GCC_WARN_UNUSED_FUNCTION = YES;
				GCC_WARN_UNUSED_VARIABLE = YES;
				IPHONEOS_DEPLOYMENT_TARGET = 17.0;
				LOCALIZATION_PREFERS_STRING_CATALOGS = YES;
				MTL_ENABLE_DEBUG_INFO = NO;
				MTL_FAST_MATH = YES;
				SDKROOT = iphoneos;
				SWIFT_COMPILATION_MODE = wholemodule;
				VALIDATE_PRODUCT = YES;
			};
			name = Release;
		};
		5686EA1C2B03A16200450725 /* Debug */ = {
			isa = XCBuildConfiguration;
			buildSettings = {
				ASSETCATALOG_COMPILER_APPICON_NAME = AppIcon;
				ASSETCATALOG_COMPILER_GLOBAL_ACCENT_COLOR_NAME = AccentColor;
				CODE_SIGN_STYLE = Automatic;
				CURRENT_PROJECT_VERSION = 1;
				DEVELOPMENT_TEAM = KFD27J2TGQ;
				GENERATE_INFOPLIST_FILE = YES;
				INFOPLIST_FILE = RickAndMorty/Info.plist;
				INFOPLIST_KEY_UIApplicationSupportsIndirectInputEvents = YES;
				INFOPLIST_KEY_UILaunchStoryboardName = LaunchScreen;
				INFOPLIST_KEY_UISupportedInterfaceOrientations_iPad = "UIInterfaceOrientationPortrait UIInterfaceOrientationPortraitUpsideDown UIInterfaceOrientationLandscapeLeft UIInterfaceOrientationLandscapeRight";
				INFOPLIST_KEY_UISupportedInterfaceOrientations_iPhone = "UIInterfaceOrientationPortrait UIInterfaceOrientationLandscapeLeft UIInterfaceOrientationLandscapeRight";
				IPHONEOS_DEPLOYMENT_TARGET = 17.0;
				LD_RUNPATH_SEARCH_PATHS = (
					"$(inherited)",
					"@executable_path/Frameworks",
				);
				MARKETING_VERSION = 1.0;
				PRODUCT_BUNDLE_IDENTIFIER = com.rsilitonga112.RickAndMorty;
				PRODUCT_NAME = "$(TARGET_NAME)";
				SWIFT_EMIT_LOC_STRINGS = YES;
				SWIFT_VERSION = 5.0;
				TARGETED_DEVICE_FAMILY = "1,2";
			};
			name = Debug;
		};
		5686EA1D2B03A16200450725 /* Release */ = {
			isa = XCBuildConfiguration;
			buildSettings = {
				ASSETCATALOG_COMPILER_APPICON_NAME = AppIcon;
				ASSETCATALOG_COMPILER_GLOBAL_ACCENT_COLOR_NAME = AccentColor;
				CODE_SIGN_STYLE = Automatic;
				CURRENT_PROJECT_VERSION = 1;
				DEVELOPMENT_TEAM = KFD27J2TGQ;
				GENERATE_INFOPLIST_FILE = YES;
				INFOPLIST_FILE = RickAndMorty/Info.plist;
				INFOPLIST_KEY_UIApplicationSupportsIndirectInputEvents = YES;
				INFOPLIST_KEY_UILaunchStoryboardName = LaunchScreen;
				INFOPLIST_KEY_UISupportedInterfaceOrientations_iPad = "UIInterfaceOrientationPortrait UIInterfaceOrientationPortraitUpsideDown UIInterfaceOrientationLandscapeLeft UIInterfaceOrientationLandscapeRight";
				INFOPLIST_KEY_UISupportedInterfaceOrientations_iPhone = "UIInterfaceOrientationPortrait UIInterfaceOrientationLandscapeLeft UIInterfaceOrientationLandscapeRight";
				IPHONEOS_DEPLOYMENT_TARGET = 17.0;
				LD_RUNPATH_SEARCH_PATHS = (
					"$(inherited)",
					"@executable_path/Frameworks",
				);
				MARKETING_VERSION = 1.0;
				PRODUCT_BUNDLE_IDENTIFIER = com.rsilitonga112.RickAndMorty;
				PRODUCT_NAME = "$(TARGET_NAME)";
				SWIFT_EMIT_LOC_STRINGS = YES;
				SWIFT_VERSION = 5.0;
				TARGETED_DEVICE_FAMILY = "1,2";
			};
			name = Release;
		};
/* End XCBuildConfiguration section */

/* Begin XCConfigurationList section */
		5686EA022B03A16100450725 /* Build configuration list for PBXProject "RickAndMorty" */ = {
			isa = XCConfigurationList;
			buildConfigurations = (
				5686EA192B03A16200450725 /* Debug */,
				5686EA1A2B03A16200450725 /* Release */,
			);
			defaultConfigurationIsVisible = 0;
			defaultConfigurationName = Release;
		};
		5686EA1B2B03A16200450725 /* Build configuration list for PBXNativeTarget "RickAndMorty" */ = {
			isa = XCConfigurationList;
			buildConfigurations = (
				5686EA1C2B03A16200450725 /* Debug */,
				5686EA1D2B03A16200450725 /* Release */,
			);
			defaultConfigurationIsVisible = 0;
			defaultConfigurationName = Release;
		};
/* End XCConfigurationList section */
	};
	rootObject = 5686E9FF2B03A16100450725 /* Project object */;
}
